
Microsoft Visual Studio Solution File, Format Version 12.00
# Visual Studio Version 17
VisualStudioVersion = 17.14.37314.3 d17.14
MinimumVisualStudioVersion = 10.0.40219.1
Project("{FAE04EC0-301F-11D3-BF4B-00C04F79EFBC}") = "MonoPrviDan", "MonoPrviDan\MonoPrviDan.csproj", "{CCD6E13A-34DC-4939-BFF7-CD06296C4412}"
EndProject
Global
	GlobalSection(SolutionConfigurationPlatforms) = preSolution
		Debug|Any CPU = Debug|Any CPU
		Release|Any CPU = Release|Any CPU
	EndGlobalSection
	GlobalSection(ProjectConfigurationPlatforms) = postSolution
		{CCD6E13A-34DC-4939-BFF7-CD06296C4412}.Debug|Any CPU.ActiveCfg = Debug|Any CPU
		{CCD6E13A-34DC-4939-BFF7-CD06296C4412}.Debug|Any CPU.Build.0 = Debug|Any CPU
		{CCD6E13A-34DC-4939-BFF7-CD06296C4412}.Release|Any CPU.ActiveCfg = Release|Any CPU
		{CCD6E13A-34DC-4939-BFF7-CD06296C4412}.Release|Any CPU.Build.0 = Release|Any CPU
	EndGlobalSection
	GlobalSection(SolutionProperties) = preSolution
		HideSolutionNode = FALSE
	EndGlobalSection
	GlobalSection(ExtensibilityGlobals) = postSolution
		SolutionGuid = {14C40CB7-9244-40B8-A322-397C372ED7B5}
	EndGlobalSection
EndGlobal
